PODS:
  - Base64 (1.0.1)
  - MTJSONUtils (0.1.0)
  - XMLDictionary (2.0.0)

DEPENDENCIES:
  - Base64 (~> 1.0.1)
  - MTJSONUtils (~> 0.1.0)
  - XMLDictionary (~> 2.0.0)

SPEC CHECKSUMS:
  Base64: eaac9f2088ba659c5db1db960576eb0f2969ebaf
  MTJSONUtils: 89a7efb3d19332f27cd3fbf139d7e3d404c61373
  XMLDictionary: d41dcb25b03e480f374551037396f4fc1307ff1c

COCOAPODS: 0.20.1
