
PODS:
- Base64 (1.0.1)
- MTJSONUtils (0.1.0)
- XMLDictionary (2.0.0)

DEPENDENCIES:
- Base64 (~> 1.0.1)
- MTJSONUtils (~> 0.1.0)
- XMLDictionary (~> 2.0.0)

SPEC CHECKSUMS:
  Base64: eaac9f2088ba659c5db1db960576eb0f2969ebaf
  MTJSONUtils: 6f36d8d1bf0d370f91201cd5daf4fd90e0bbdfd5
  XMLDictionary: d41dcb25b03e480f374551037396f4fc1307ff1c

COCOAPODS: 0.16.4
