// !$*UTF8*$!
{
	archiveVersion = 1;
	classes = {
	};
	objectVersion = 46;
	objects = {

/* Begin PBXBuildFile section */
		C21CB4B5175117590082CB97 /* libBase64.a in Frameworks */ = {isa = PBXBuildFile; fileRef = C21CB4B4175117590082CB97 /* libBase64.a */; };
		C21CB4B7175117620082CB97 /* libMTJSONUtils.a in Frameworks */ = {isa = PBXBuildFile; fileRef = C21CB4B6175117620082CB97 /* libMTJSONUtils.a */; };
		C21CB4B9175117680082CB97 /* libXMLDictionary.a in Frameworks */ = {isa = PBXBuildFile; fileRef = C21CB4B8175117680082CB97 /* libXMLDictionary.a */; };
		C21CB4BC175118750082CB97 /* MTPocketRequest.m in Sources */ = {isa = PBXBuildFile; fileRef = C2BE8627167F6BD300051C97 /* MTPocketRequest.m */; };
		C21CB4BD175118750082CB97 /* MTPocketResponse.m in Sources */ = {isa = PBXBuildFile; fileRef = C2BE862E167F6C0200051C97 /* MTPocketResponse.m */; };
		C21CB4BE175118750082CB97 /* MTPocket.m in Sources */ = {isa = PBXBuildFile; fileRef = C298E45D16D165F5009252AD /* MTPocket.m */; };
		C21CB4C0175118750082CB97 /* Foundation.framework in Frameworks */ = {isa = PBXBuildFile; fileRef = C2BAEAA015CD91F500838B54 /* Foundation.framework */; };
		C21CB4C1175118750082CB97 /* libXMLDictionary.a in Frameworks */ = {isa = PBXBuildFile; fileRef = C21CB4B8175117680082CB97 /* libXMLDictionary.a */; };
		C21CB4C2175118750082CB97 /* libMTJSONUtils.a in Frameworks */ = {isa = PBXBuildFile; fileRef = C21CB4B6175117620082CB97 /* libMTJSONUtils.a */; };
		C21CB4C3175118750082CB97 /* libBase64.a in Frameworks */ = {isa = PBXBuildFile; fileRef = C21CB4B4175117590082CB97 /* libBase64.a */; };
		C298E45E16D165F6009252AD /* MTPocket.m in Sources */ = {isa = PBXBuildFile; fileRef = C298E45D16D165F5009252AD /* MTPocket.m */; };
		C298E46116D31A48009252AD /* MTPocketPathTests.m in Sources */ = {isa = PBXBuildFile; fileRef = C298E46016D31A48009252AD /* MTPocketPathTests.m */; };
		C299487816D457AE005C87BC /* MTPocketPUTTests.m in Sources */ = {isa = PBXBuildFile; fileRef = C299486C16D457AE005C87BC /* MTPocketPUTTests.m */; };
		C299487916D457AE005C87BC /* MTPocketPOSTTests.m in Sources */ = {isa = PBXBuildFile; fileRef = C299486D16D457AE005C87BC /* MTPocketPOSTTests.m */; };
		C299487A16D457AE005C87BC /* MTPocketGETTests.m in Sources */ = {isa = PBXBuildFile; fileRef = C299487016D457AE005C87BC /* MTPocketGETTests.m */; };
		C299487C16D457AE005C87BC /* MTPocketDELETETests.m in Sources */ = {isa = PBXBuildFile; fileRef = C299487416D457AE005C87BC /* MTPocketDELETETests.m */; };
		C299487D16D457AE005C87BC /* MTPocketCallbacksTests.m in Sources */ = {isa = PBXBuildFile; fileRef = C299487516D457AE005C87BC /* MTPocketCallbacksTests.m */; };
		C299488116D48D78005C87BC /* MTPocketTemplateTests.m in Sources */ = {isa = PBXBuildFile; fileRef = C299488016D48D78005C87BC /* MTPocketTemplateTests.m */; };
		C2BAEAA115CD91F500838B54 /* Foundation.framework in Frameworks */ = {isa = PBXBuildFile; fileRef = C2BAEAA015CD91F500838B54 /* Foundation.framework */; };
		C2BAEAB015CD91F500838B54 /* SenTestingKit.framework in Frameworks */ = {isa = PBXBuildFile; fileRef = C2BAEAAF15CD91F500838B54 /* SenTestingKit.framework */; };
		C2BAEAB315CD91F500838B54 /* Foundation.framework in Frameworks */ = {isa = PBXBuildFile; fileRef = C2BAEAA015CD91F500838B54 /* Foundation.framework */; };
		C2BAEAB615CD91F500838B54 /* libMTPocket.a in Frameworks */ = {isa = PBXBuildFile; fileRef = C2BAEA9D15CD91F500838B54 /* libMTPocket.a */; };
		C2BAEABC15CD91F500838B54 /* InfoPlist.strings in Resources */ = {isa = PBXBuildFile; fileRef = C2BAEABA15CD91F500838B54 /* InfoPlist.strings */; };
		C2BE8628167F6BD300051C97 /* MTPocketRequest.m in Sources */ = {isa = PBXBuildFile; fileRef = C2BE8627167F6BD300051C97 /* MTPocketRequest.m */; };
		C2BE862F167F6C0200051C97 /* MTPocketResponse.m in Sources */ = {isa = PBXBuildFile; fileRef = C2BE862E167F6C0200051C97 /* MTPocketResponse.m */; };
		C2FAD7D7167C671C0046E550 /* test.jpg in Resources */ = {isa = PBXBuildFile; fileRef = C2FAD7D6167C671C0046E550 /* test.jpg */; };
/* End PBXBuildFile section */

/* Begin PBXContainerItemProxy section */
		C2BAEAB415CD91F500838B54 /* PBXContainerItemProxy */ = {
			isa = PBXContainerItemProxy;
			containerPortal = C2BAEA9415CD91F500838B54 /* Project object */;
			proxyType = 1;
			remoteGlobalIDString = C2BAEA9C15CD91F500838B54;
			remoteInfo = MTPocket;
		};
/* End PBXContainerItemProxy section */

/* Begin PBXCopyFilesBuildPhase section */
		C21CB4C4175118750082CB97 /* CopyFiles */ = {
			isa = PBXCopyFilesBuildPhase;
			buildActionMask = 2147483647;
			dstPath = "include/${PRODUCT_NAME}";
			dstSubfolderSpec = 16;
			files = (
			);
			runOnlyForDeploymentPostprocessing = 0;
		};
		C2BAEA9B15CD91F500838B54 /* CopyFiles */ = {
			isa = PBXCopyFilesBuildPhase;
			buildActionMask = 2147483647;
			dstPath = "include/${PRODUCT_NAME}";
			dstSubfolderSpec = 16;
			files = (
			);
			runOnlyForDeploymentPostprocessing = 0;
		};
/* End PBXCopyFilesBuildPhase section */

/* Begin PBXFileReference section */
		C21CB4B4175117590082CB97 /* libBase64.a */ = {isa = PBXFileReference; lastKnownFileType = archive.ar; name = libBase64.a; path = "Base64/build/Release-iphoneos/libBase64.a"; sourceTree = "<group>"; };
		C21CB4B6175117620082CB97 /* libMTJSONUtils.a */ = {isa = PBXFileReference; lastKnownFileType = archive.ar; name = libMTJSONUtils.a; path = "MTJSONUtils/build/Release-iphoneos/libMTJSONUtils.a"; sourceTree = "<group>"; };
		C21CB4B8175117680082CB97 /* libXMLDictionary.a */ = {isa = PBXFileReference; lastKnownFileType = archive.ar; name = libXMLDictionary.a; path = "XMLDictionary/build/Release-iphoneos/libXMLDictionary.a"; sourceTree = "<group>"; };
		C21CB4C8175118750082CB97 /* libMTPocket.a */ = {isa = PBXFileReference; explicitFileType = archive.ar; includeInIndex = 0; path = libMTPocket.a; sourceTree = BUILT_PRODUCTS_DIR; };
		C285AC28167C04CF0046B98B /* constants.h */ = {isa = PBXFileReference; fileEncoding = 4; lastKnownFileType = sourcecode.c.h; path = constants.h; sourceTree = "<group>"; };
		C29239B2168218AC007BCEEF /* macros.h */ = {isa = PBXFileReference; lastKnownFileType = sourcecode.c.h; path = macros.h; sourceTree = "<group>"; };
		C298E45C16D165F5009252AD /* MTPocket.h */ = {isa = PBXFileReference; fileEncoding = 4; lastKnownFileType = sourcecode.c.h; path = MTPocket.h; sourceTree = "<group>"; };
		C298E45D16D165F5009252AD /* MTPocket.m */ = {isa = PBXFileReference; fileEncoding = 4; lastKnownFileType = sourcecode.c.objc; path = MTPocket.m; sourceTree = "<group>"; };
		C298E45F16D31A48009252AD /* MTPocketPathTests.h */ = {isa = PBXFileReference; fileEncoding = 4; lastKnownFileType = sourcecode.c.h; path = MTPocketPathTests.h; sourceTree = "<group>"; };
		C298E46016D31A48009252AD /* MTPocketPathTests.m */ = {isa = PBXFileReference; fileEncoding = 4; lastKnownFileType = sourcecode.c.objc; path = MTPocketPathTests.m; sourceTree = "<group>"; };
		C299486B16D457AE005C87BC /* MTPocketPUTTests.h */ = {isa = PBXFileReference; fileEncoding = 4; lastKnownFileType = sourcecode.c.h; path = MTPocketPUTTests.h; sourceTree = "<group>"; };
		C299486C16D457AE005C87BC /* MTPocketPUTTests.m */ = {isa = PBXFileReference; fileEncoding = 4; lastKnownFileType = sourcecode.c.objc; path = MTPocketPUTTests.m; sourceTree = "<group>"; };
		C299486D16D457AE005C87BC /* MTPocketPOSTTests.m */ = {isa = PBXFileReference; fileEncoding = 4; lastKnownFileType = sourcecode.c.objc; path = MTPocketPOSTTests.m; sourceTree = "<group>"; };
		C299486E16D457AE005C87BC /* MTPocketPOSTTests.h */ = {isa = PBXFileReference; fileEncoding = 4; lastKnownFileType = sourcecode.c.h; path = MTPocketPOSTTests.h; sourceTree = "<group>"; };
		C299486F16D457AE005C87BC /* MTPocketGETTests.h */ = {isa = PBXFileReference; fileEncoding = 4; lastKnownFileType = sourcecode.c.h; path = MTPocketGETTests.h; sourceTree = "<group>"; };
		C299487016D457AE005C87BC /* MTPocketGETTests.m */ = {isa = PBXFileReference; fileEncoding = 4; lastKnownFileType = sourcecode.c.objc; path = MTPocketGETTests.m; sourceTree = "<group>"; };
		C299487316D457AE005C87BC /* MTPocketDELETETests.h */ = {isa = PBXFileReference; fileEncoding = 4; lastKnownFileType = sourcecode.c.h; path = MTPocketDELETETests.h; sourceTree = "<group>"; };
		C299487416D457AE005C87BC /* MTPocketDELETETests.m */ = {isa = PBXFileReference; fileEncoding = 4; lastKnownFileType = sourcecode.c.objc; path = MTPocketDELETETests.m; sourceTree = "<group>"; };
		C299487516D457AE005C87BC /* MTPocketCallbacksTests.m */ = {isa = PBXFileReference; fileEncoding = 4; lastKnownFileType = sourcecode.c.objc; path = MTPocketCallbacksTests.m; sourceTree = "<group>"; };
		C299487616D457AE005C87BC /* MTPocketCallbacksTests.h */ = {isa = PBXFileReference; fileEncoding = 4; lastKnownFileType = sourcecode.c.h; path = MTPocketCallbacksTests.h; sourceTree = "<group>"; };
		C299487E16D45BAE005C87BC /* mtpocket_private.h */ = {isa = PBXFileReference; fileEncoding = 4; lastKnownFileType = sourcecode.c.h; path = mtpocket_private.h; sourceTree = "<group>"; };
		C299487F16D48D78005C87BC /* MTPocketTemplateTests.h */ = {isa = PBXFileReference; fileEncoding = 4; lastKnownFileType = sourcecode.c.h; path = MTPocketTemplateTests.h; sourceTree = "<group>"; };
		C299488016D48D78005C87BC /* MTPocketTemplateTests.m */ = {isa = PBXFileReference; fileEncoding = 4; lastKnownFileType = sourcecode.c.objc; path = MTPocketTemplateTests.m; sourceTree = "<group>"; };
		C2BAEA9D15CD91F500838B54 /* libMTPocket.a */ = {isa = PBXFileReference; explicitFileType = archive.ar; includeInIndex = 0; path = libMTPocket.a; sourceTree = BUILT_PRODUCTS_DIR; };
		C2BAEAA015CD91F500838B54 /* Foundation.framework */ = {isa = PBXFileReference; includeInIndex = 1; lastKnownFileType = wrapper.framework; name = Foundation.framework; path = System/Library/Frameworks/Foundation.framework; sourceTree = SDKROOT; };
		C2BAEAA415CD91F500838B54 /* MTPocket-Prefix.pch */ = {isa = PBXFileReference; lastKnownFileType = sourcecode.c.h; path = "MTPocket-Prefix.pch"; sourceTree = "<group>"; };
		C2BAEAAE15CD91F500838B54 /* MTPocketTests.octest */ = {isa = PBXFileReference; explicitFileType = wrapper.cfbundle; includeInIndex = 0; path = MTPocketTests.octest; sourceTree = BUILT_PRODUCTS_DIR; };
		C2BAEAAF15CD91F500838B54 /* SenTestingKit.framework */ = {isa = PBXFileReference; lastKnownFileType = wrapper.framework; name = SenTestingKit.framework; path = Library/Frameworks/SenTestingKit.framework; sourceTree = DEVELOPER_DIR; };
		C2BAEAB915CD91F500838B54 /* MTPocketTests-Info.plist */ = {isa = PBXFileReference; lastKnownFileType = text.plist.xml; path = "MTPocketTests-Info.plist"; sourceTree = "<group>"; };
		C2BAEABB15CD91F500838B54 /* en */ = {isa = PBXFileReference; lastKnownFileType = text.plist.strings; name = en; path = en.lproj/InfoPlist.strings; sourceTree = "<group>"; };
		C2BE8626167F6BD300051C97 /* MTPocketRequest.h */ = {isa = PBXFileReference; fileEncoding = 4; lastKnownFileType = sourcecode.c.h; path = MTPocketRequest.h; sourceTree = "<group>"; };
		C2BE8627167F6BD300051C97 /* MTPocketRequest.m */ = {isa = PBXFileReference; fileEncoding = 4; lastKnownFileType = sourcecode.c.objc; path = MTPocketRequest.m; sourceTree = "<group>"; };
		C2BE862D167F6C0200051C97 /* MTPocketResponse.h */ = {isa = PBXFileReference; fileEncoding = 4; lastKnownFileType = sourcecode.c.h; path = MTPocketResponse.h; sourceTree = "<group>"; };
		C2BE862E167F6C0200051C97 /* MTPocketResponse.m */ = {isa = PBXFileReference; fileEncoding = 4; lastKnownFileType = sourcecode.c.objc; path = MTPocketResponse.m; sourceTree = "<group>"; };
		C2FAD7D6167C671C0046E550 /* test.jpg */ = {isa = PBXFileReference; lastKnownFileType = image.jpeg; path = test.jpg; sourceTree = "<group>"; };
/* End PBXFileReference section */

/* Begin PBXFrameworksBuildPhase section */
		C21CB4BF175118750082CB97 /* Frameworks */ = {
			isa = PBXFrameworksBuildPhase;
			buildActionMask = 2147483647;
			files = (
				C21CB4C0175118750082CB97 /* Foundation.framework in Frameworks */,
				C21CB4C1175118750082CB97 /* libXMLDictionary.a in Frameworks */,
				C21CB4C2175118750082CB97 /* libMTJSONUtils.a in Frameworks */,
				C21CB4C3175118750082CB97 /* libBase64.a in Frameworks */,
			);
			runOnlyForDeploymentPostprocessing = 0;
		};
		C2BAEA9A15CD91F500838B54 /* Frameworks */ = {
			isa = PBXFrameworksBuildPhase;
			buildActionMask = 2147483647;
			files = (
				C2BAEAA115CD91F500838B54 /* Foundation.framework in Frameworks */,
				C21CB4B9175117680082CB97 /* libXMLDictionary.a in Frameworks */,
				C21CB4B7175117620082CB97 /* libMTJSONUtils.a in Frameworks */,
				C21CB4B5175117590082CB97 /* libBase64.a in Frameworks */,
			);
			runOnlyForDeploymentPostprocessing = 0;
		};
		C2BAEAAA15CD91F500838B54 /* Frameworks */ = {
			isa = PBXFrameworksBuildPhase;
			buildActionMask = 2147483647;
			files = (
				C2BAEAB015CD91F500838B54 /* SenTestingKit.framework in Frameworks */,
				C2BAEAB315CD91F500838B54 /* Foundation.framework in Frameworks */,
				C2BAEAB615CD91F500838B54 /* libMTPocket.a in Frameworks */,
			);
			runOnlyForDeploymentPostprocessing = 0;
		};
/* End PBXFrameworksBuildPhase section */

/* Begin PBXGroup section */
		C2BAEA9215CD91F500838B54 = {
			isa = PBXGroup;
			children = (
				C2BAEAA215CD91F500838B54 /* MTPocket */,
				C2BAEAB715CD91F500838B54 /* MTPocketTests */,
				C2BAEA9F15CD91F500838B54 /* Frameworks */,
				C2BAEA9E15CD91F500838B54 /* Products */,
			);
			sourceTree = "<group>";
		};
		C2BAEA9E15CD91F500838B54 /* Products */ = {
			isa = PBXGroup;
			children = (
				C2BAEA9D15CD91F500838B54 /* libMTPocket.a */,
				C2BAEAAE15CD91F500838B54 /* MTPocketTests.octest */,
				C21CB4C8175118750082CB97 /* libMTPocket.a */,
			);
			name = Products;
			sourceTree = "<group>";
		};
		C2BAEA9F15CD91F500838B54 /* Frameworks */ = {
			isa = PBXGroup;
			children = (
				C21CB4B8175117680082CB97 /* libXMLDictionary.a */,
				C21CB4B6175117620082CB97 /* libMTJSONUtils.a */,
				C21CB4B4175117590082CB97 /* libBase64.a */,
				C2BAEAA015CD91F500838B54 /* Foundation.framework */,
				C2BAEAAF15CD91F500838B54 /* SenTestingKit.framework */,
			);
			name = Frameworks;
			sourceTree = "<group>";
		};
		C2BAEAA215CD91F500838B54 /* MTPocket */ = {
			isa = PBXGroup;
			children = (
				C298E45C16D165F5009252AD /* MTPocket.h */,
				C298E45D16D165F5009252AD /* MTPocket.m */,
				C2BE8626167F6BD300051C97 /* MTPocketRequest.h */,
				C2BE8627167F6BD300051C97 /* MTPocketRequest.m */,
				C2BE862D167F6C0200051C97 /* MTPocketResponse.h */,
				C2BE862E167F6C0200051C97 /* MTPocketResponse.m */,
				C299487E16D45BAE005C87BC /* mtpocket_private.h */,
				C2BAEAA315CD91F500838B54 /* Supporting Files */,
			);
			path = MTPocket;
			sourceTree = "<group>";
		};
		C2BAEAA315CD91F500838B54 /* Supporting Files */ = {
			isa = PBXGroup;
			children = (
				C2BAEAA415CD91F500838B54 /* MTPocket-Prefix.pch */,
			);
			name = "Supporting Files";
			sourceTree = "<group>";
		};
		C2BAEAB715CD91F500838B54 /* MTPocketTests */ = {
			isa = PBXGroup;
			children = (
				C298E45F16D31A48009252AD /* MTPocketPathTests.h */,
				C298E46016D31A48009252AD /* MTPocketPathTests.m */,
				C299487F16D48D78005C87BC /* MTPocketTemplateTests.h */,
				C299488016D48D78005C87BC /* MTPocketTemplateTests.m */,
				C299486B16D457AE005C87BC /* MTPocketPUTTests.h */,
				C299486C16D457AE005C87BC /* MTPocketPUTTests.m */,
				C299486E16D457AE005C87BC /* MTPocketPOSTTests.h */,
				C299486D16D457AE005C87BC /* MTPocketPOSTTests.m */,
				C299486F16D457AE005C87BC /* MTPocketGETTests.h */,
				C299487016D457AE005C87BC /* MTPocketGETTests.m */,
				C299487316D457AE005C87BC /* MTPocketDELETETests.h */,
				C299487416D457AE005C87BC /* MTPocketDELETETests.m */,
				C299487616D457AE005C87BC /* MTPocketCallbacksTests.h */,
				C299487516D457AE005C87BC /* MTPocketCallbacksTests.m */,
				C285AC28167C04CF0046B98B /* constants.h */,
				C29239B2168218AC007BCEEF /* macros.h */,
				C2BAEAB815CD91F500838B54 /* Supporting Files */,
			);
			path = MTPocketTests;
			sourceTree = "<group>";
		};
		C2BAEAB815CD91F500838B54 /* Supporting Files */ = {
			isa = PBXGroup;
			children = (
				C2FAD7D6167C671C0046E550 /* test.jpg */,
				C2BAEAB915CD91F500838B54 /* MTPocketTests-Info.plist */,
				C2BAEABA15CD91F500838B54 /* InfoPlist.strings */,
			);
			name = "Supporting Files";
			sourceTree = "<group>";
		};
/* End PBXGroup section */

/* Begin PBXNativeTarget section */
		C21CB4BA175118750082CB97 /* MTPocket-OSX */ = {
			isa = PBXNativeTarget;
			buildConfigurationList = C21CB4C5175118750082CB97 /* Build configuration list for PBXNativeTarget "MTPocket-OSX" */;
			buildPhases = (
				C21CB4BB175118750082CB97 /* Sources */,
				C21CB4BF175118750082CB97 /* Frameworks */,
				C21CB4C4175118750082CB97 /* CopyFiles */,
			);
			buildRules = (
			);
			dependencies = (
			);
			name = "MTPocket-OSX";
			productName = MTPocket;
			productReference = C21CB4C8175118750082CB97 /* libMTPocket.a */;
			productType = "com.apple.product-type.library.static";
		};
		C2BAEA9C15CD91F500838B54 /* MTPocket-iOS */ = {
			isa = PBXNativeTarget;
			buildConfigurationList = C2BAEAC215CD91F500838B54 /* Build configuration list for PBXNativeTarget "MTPocket-iOS" */;
			buildPhases = (
				C2BAEA9915CD91F500838B54 /* Sources */,
				C2BAEA9A15CD91F500838B54 /* Frameworks */,
				C2BAEA9B15CD91F500838B54 /* CopyFiles */,
			);
			buildRules = (
			);
			dependencies = (
			);
			name = "MTPocket-iOS";
			productName = MTPocket;
			productReference = C2BAEA9D15CD91F500838B54 /* libMTPocket.a */;
			productType = "com.apple.product-type.library.static";
		};
		C2BAEAAD15CD91F500838B54 /* MTPocketTests */ = {
			isa = PBXNativeTarget;
			buildConfigurationList = C2BAEAC515CD91F500838B54 /* Build configuration list for PBXNativeTarget "MTPocketTests" */;
			buildPhases = (
				C2BAEAA915CD91F500838B54 /* Sources */,
				C2BAEAAA15CD91F500838B54 /* Frameworks */,
				C2BAEAAB15CD91F500838B54 /* Resources */,
				C2BAEAAC15CD91F500838B54 /* ShellScript */,
			);
			buildRules = (
			);
			dependencies = (
				C2BAEAB515CD91F500838B54 /* PBXTargetDependency */,
			);
			name = MTPocketTests;
			productName = MTPocketTests;
			productReference = C2BAEAAE15CD91F500838B54 /* MTPocketTests.octest */;
			productType = "com.apple.product-type.bundle";
		};
/* End PBXNativeTarget section */

/* Begin PBXProject section */
		C2BAEA9415CD91F500838B54 /* Project object */ = {
			isa = PBXProject;
			attributes = {
				LastUpgradeCheck = 0460;
				ORGANIZATIONNAME = "Mysterious Trousers";
			};
			buildConfigurationList = C2BAEA9715CD91F500838B54 /* Build configuration list for PBXProject "MTPocket" */;
			compatibilityVersion = "Xcode 3.2";
			developmentRegion = English;
			hasScannedForEncodings = 0;
			knownRegions = (
				en,
			);
			mainGroup = C2BAEA9215CD91F500838B54;
			productRefGroup = C2BAEA9E15CD91F500838B54 /* Products */;
			projectDirPath = "";
			projectRoot = "";
			targets = (
				C2BAEA9C15CD91F500838B54 /* MTPocket-iOS */,
				C21CB4BA175118750082CB97 /* MTPocket-OSX */,
				C2BAEAAD15CD91F500838B54 /* MTPocketTests */,
			);
		};
/* End PBXProject section */

/* Begin PBXResourcesBuildPhase section */
		C2BAEAAB15CD91F500838B54 /* Resources */ = {
			isa = PBXResourcesBuildPhase;
			buildActionMask = 2147483647;
			files = (
				C2BAEABC15CD91F500838B54 /* InfoPlist.strings in Resources */,
				C2FAD7D7167C671C0046E550 /* test.jpg in Resources */,
			);
			runOnlyForDeploymentPostprocessing = 0;
		};
/* End PBXResourcesBuildPhase section */

/* Begin PBXShellScriptBuildPhase section */
		C2BAEAAC15CD91F500838B54 /* ShellScript */ = {
			isa = PBXShellScriptBuildPhase;
			buildActionMask = 2147483647;
			files = (
			);
			inputPaths = (
			);
			outputPaths = (
			);
			runOnlyForDeploymentPostprocessing = 0;
			shellPath = /bin/sh;
			shellScript = "# Run the unit tests in this test bundle.\n\"${SYSTEM_DEVELOPER_DIR}/Tools/RunUnitTests\"\n";
		};
/* End PBXShellScriptBuildPhase section */

/* Begin PBXSourcesBuildPhase section */
		C21CB4BB175118750082CB97 /* Sources */ = {
			isa = PBXSourcesBuildPhase;
			buildActionMask = 2147483647;
			files = (
				C21CB4BC175118750082CB97 /* MTPocketRequest.m in Sources */,
				C21CB4BD175118750082CB97 /* MTPocketResponse.m in Sources */,
				C21CB4BE175118750082CB97 /* MTPocket.m in Sources */,
			);
			runOnlyForDeploymentPostprocessing = 0;
		};
		C2BAEA9915CD91F500838B54 /* Sources */ = {
			isa = PBXSourcesBuildPhase;
			buildActionMask = 2147483647;
			files = (
				C2BE8628167F6BD300051C97 /* MTPocketRequest.m in Sources */,
				C2BE862F167F6C0200051C97 /* MTPocketResponse.m in Sources */,
				C298E45E16D165F6009252AD /* MTPocket.m in Sources */,
			);
			runOnlyForDeploymentPostprocessing = 0;
		};
		C2BAEAA915CD91F500838B54 /* Sources */ = {
			isa = PBXSourcesBuildPhase;
			buildActionMask = 2147483647;
			files = (
				C298E46116D31A48009252AD /* MTPocketPathTests.m in Sources */,
				C299487816D457AE005C87BC /* MTPocketPUTTests.m in Sources */,
				C299487916D457AE005C87BC /* MTPocketPOSTTests.m in Sources */,
				C299487A16D457AE005C87BC /* MTPocketGETTests.m in Sources */,
				C299487C16D457AE005C87BC /* MTPocketDELETETests.m in Sources */,
				C299487D16D457AE005C87BC /* MTPocketCallbacksTests.m in Sources */,
				C299488116D48D78005C87BC /* MTPocketTemplateTests.m in Sources */,
			);
			runOnlyForDeploymentPostprocessing = 0;
		};
/* End PBXSourcesBuildPhase section */

/* Begin PBXTargetDependency section */
		C2BAEAB515CD91F500838B54 /* PBXTargetDependency */ = {
			isa = PBXTargetDependency;
			target = C2BAEA9C15CD91F500838B54 /* MTPocket-iOS */;
			targetProxy = C2BAEAB415CD91F500838B54 /* PBXContainerItemProxy */;
		};
/* End PBXTargetDependency section */

/* Begin PBXVariantGroup section */
		C2BAEABA15CD91F500838B54 /* InfoPlist.strings */ = {
			isa = PBXVariantGroup;
			children = (
				C2BAEABB15CD91F500838B54 /* en */,
			);
			name = InfoPlist.strings;
			sourceTree = "<group>";
		};
/* End PBXVariantGroup section */

/* Begin XCBuildConfiguration section */
		C21CB4C6175118750082CB97 /* Debug */ = {
			isa = XCBuildConfiguration;
			buildSettings = {
				ARCHS = "$(ARCHS_STANDARD_64_BIT)";
				COMBINE_HIDPI_IMAGES = YES;
				DSTROOT = /tmp/MTPocket.dst;
				GCC_PRECOMPILE_PREFIX_HEADER = YES;
				GCC_PREFIX_HEADER = "MTPocket/MTPocket-Prefix.pch";
				HEADER_SEARCH_PATHS = (
					"${SRCROOT}/Base64/Base64",
					"${SRCROOT}/XMLDictionary/XMLDictionary",
					"${SRCROOT}/MTJSONUtils/MTJSONUtils",
				);
				LIBRARY_SEARCH_PATHS = (
					"$(inherited)",
					"\"$(SDKROOT)/usr/lib/system\"",
				);
				PRODUCT_NAME = MTPocket;
				SDKROOT = macosx;
				SKIP_INSTALL = YES;
				SUPPORTED_PLATFORMS = macosx;
			};
			name = Debug;
		};
		C21CB4C7175118750082CB97 /* Release */ = {
			isa = XCBuildConfiguration;
			buildSettings = {
				ARCHS = "$(ARCHS_STANDARD_64_BIT)";
				COMBINE_HIDPI_IMAGES = YES;
				DSTROOT = /tmp/MTPocket.dst;
				GCC_PRECOMPILE_PREFIX_HEADER = YES;
				GCC_PREFIX_HEADER = "MTPocket/MTPocket-Prefix.pch";
				HEADER_SEARCH_PATHS = (
					"${SRCROOT}/Base64/Base64",
					"${SRCROOT}/XMLDictionary/XMLDictionary",
					"${SRCROOT}/MTJSONUtils/MTJSONUtils",
				);
				LIBRARY_SEARCH_PATHS = (
					"$(inherited)",
					"\"$(SDKROOT)/usr/lib/system\"",
				);
				PRODUCT_NAME = MTPocket;
				SDKROOT = macosx;
				SKIP_INSTALL = YES;
				SUPPORTED_PLATFORMS = macosx;
			};
			name = Release;
		};
		C2BAEAC015CD91F500838B54 /* Debug */ = {
			isa = XCBuildConfiguration;
			buildSettings = {
				ALWAYS_SEARCH_USER_PATHS = YES;
				ARCHS = "$(ARCHS_STANDARD_32_BIT)";
				CLANG_CXX_LANGUAGE_STANDARD = "gnu++0x";
				CLANG_ENABLE_OBJC_ARC = YES;
				CLANG_WARN__DUPLICATE_METHOD_MATCH = YES;
				COPY_PHASE_STRIP = NO;
				GCC_C_LANGUAGE_STANDARD = gnu99;
				GCC_DYNAMIC_NO_PIC = NO;
				GCC_OPTIMIZATION_LEVEL = 0;
				GCC_PREPROCESSOR_DEFINITIONS = (
					"DEBUG=1",
					"$(inherited)",
				);
				GCC_SYMBOLS_PRIVATE_EXTERN = NO;
				GCC_VERSION = "";
				GCC_WARN_ABOUT_RETURN_TYPE = YES;
				GCC_WARN_UNINITIALIZED_AUTOS = YES;
				GCC_WARN_UNUSED_VARIABLE = YES;
				IPHONEOS_DEPLOYMENT_TARGET = 5.1;
				OTHER_LDFLAGS = (
					"-ObjC",
					"-all_load",
				);
				SDKROOT = iphoneos;
				SUPPORTED_PLATFORMS = "iphonesimulator iphoneos";
			};
			name = Debug;
		};
		C2BAEAC115CD91F500838B54 /* Release */ = {
			isa = XCBuildConfiguration;
			buildSettings = {
				ALWAYS_SEARCH_USER_PATHS = YES;
				ARCHS = "$(ARCHS_STANDARD_32_BIT)";
				CLANG_CXX_LANGUAGE_STANDARD = "gnu++0x";
				CLANG_ENABLE_OBJC_ARC = YES;
				CLANG_WARN__DUPLICATE_METHOD_MATCH = YES;
				COPY_PHASE_STRIP = YES;
				GCC_C_LANGUAGE_STANDARD = gnu99;
				GCC_VERSION = "";
				GCC_WARN_ABOUT_RETURN_TYPE = YES;
				GCC_WARN_UNINITIALIZED_AUTOS = YES;
				GCC_WARN_UNUSED_VARIABLE = YES;
				IPHONEOS_DEPLOYMENT_TARGET = 5.1;
				OTHER_LDFLAGS = (
					"-ObjC",
					"-all_load",
				);
				SDKROOT = iphoneos;
				SUPPORTED_PLATFORMS = "iphonesimulator iphoneos";
				VALIDATE_PRODUCT = YES;
			};
			name = Release;
		};
		C2BAEAC315CD91F500838B54 /* Debug */ = {
			isa = XCBuildConfiguration;
			buildSettings = {
				DSTROOT = /tmp/MTPocket.dst;
				GCC_PRECOMPILE_PREFIX_HEADER = YES;
				GCC_PREFIX_HEADER = "MTPocket/MTPocket-Prefix.pch";
				HEADER_SEARCH_PATHS = (
					"${SRCROOT}/Base64/Base64",
					"${SRCROOT}/XMLDictionary/XMLDictionary",
					"${SRCROOT}/MTJSONUtils/MTJSONUtils",
				);
				LIBRARY_SEARCH_PATHS = (
					"$(inherited)",
					"\"$(SDKROOT)/usr/lib/system\"",
				);
				PRODUCT_NAME = MTPocket;
				SKIP_INSTALL = YES;
			};
			name = Debug;
		};
		C2BAEAC415CD91F500838B54 /* Release */ = {
			isa = XCBuildConfiguration;
			buildSettings = {
				DSTROOT = /tmp/MTPocket.dst;
				GCC_PRECOMPILE_PREFIX_HEADER = YES;
				GCC_PREFIX_HEADER = "MTPocket/MTPocket-Prefix.pch";
				HEADER_SEARCH_PATHS = (
					"${SRCROOT}/Base64/Base64",
					"${SRCROOT}/XMLDictionary/XMLDictionary",
					"${SRCROOT}/MTJSONUtils/MTJSONUtils",
				);
				LIBRARY_SEARCH_PATHS = (
					"$(inherited)",
					"\"$(SDKROOT)/usr/lib/system\"",
				);
				PRODUCT_NAME = MTPocket;
				SKIP_INSTALL = YES;
			};
			name = Release;
		};
		C2BAEAC615CD91F500838B54 /* Debug */ = {
			isa = XCBuildConfiguration;
			buildSettings = {
				FRAMEWORK_SEARCH_PATHS = (
					"\"$(SDKROOT)/Developer/Library/Frameworks\"",
					"\"$(DEVELOPER_LIBRARY_DIR)/Frameworks\"",
				);
				GCC_PRECOMPILE_PREFIX_HEADER = YES;
				GCC_PREFIX_HEADER = "MTPocket/MTPocket-Prefix.pch";
				INFOPLIST_FILE = "MTPocketTests/MTPocketTests-Info.plist";
				OTHER_LDFLAGS = "-ObjC";
				PRODUCT_NAME = "$(TARGET_NAME)";
				WRAPPER_EXTENSION = octest;
			};
			name = Debug;
		};
		C2BAEAC715CD91F500838B54 /* Release */ = {
			isa = XCBuildConfiguration;
			buildSettings = {
				FRAMEWORK_SEARCH_PATHS = (
					"\"$(SDKROOT)/Developer/Library/Frameworks\"",
					"\"$(DEVELOPER_LIBRARY_DIR)/Frameworks\"",
				);
				GCC_PRECOMPILE_PREFIX_HEADER = YES;
				GCC_PREFIX_HEADER = "MTPocket/MTPocket-Prefix.pch";
				INFOPLIST_FILE = "MTPocketTests/MTPocketTests-Info.plist";
				OTHER_LDFLAGS = "-ObjC";
				PRODUCT_NAME = "$(TARGET_NAME)";
				WRAPPER_EXTENSION = octest;
			};
			name = Release;
		};
/* End XCBuildConfiguration section */

/* Begin XCConfigurationList section */
		C21CB4C5175118750082CB97 /* Build configuration list for PBXNativeTarget "MTPocket-OSX" */ = {
			isa = XCConfigurationList;
			buildConfigurations = (
				C21CB4C6175118750082CB97 /* Debug */,
				C21CB4C7175118750082CB97 /* Release */,
			);
			defaultConfigurationIsVisible = 0;
			defaultConfigurationName = Release;
		};
		C2BAEA9715CD91F500838B54 /* Build configuration list for PBXProject "MTPocket" */ = {
			isa = XCConfigurationList;
			buildConfigurations = (
				C2BAEAC015CD91F500838B54 /* Debug */,
				C2BAEAC115CD91F500838B54 /* Release */,
			);
			defaultConfigurationIsVisible = 0;
			defaultConfigurationName = Release;
		};
		C2BAEAC215CD91F500838B54 /* Build configuration list for PBXNativeTarget "MTPocket-iOS" */ = {
			isa = XCConfigurationList;
			buildConfigurations = (
				C2BAEAC315CD91F500838B54 /* Debug */,
				C2BAEAC415CD91F500838B54 /* Release */,
			);
			defaultConfigurationIsVisible = 0;
			defaultConfigurationName = Release;
		};
		C2BAEAC515CD91F500838B54 /* Build configuration list for PBXNativeTarget "MTPocketTests" */ = {
			isa = XCConfigurationList;
			buildConfigurations = (
				C2BAEAC615CD91F500838B54 /* Debug */,
				C2BAEAC715CD91F500838B54 /* Release */,
			);
			defaultConfigurationIsVisible = 0;
			defaultConfigurationName = Release;
		};
/* End XCConfigurationList section */
	};
	rootObject = C2BAEA9415CD91F500838B54 /* Project object */;
}
